<?xml version="1.0" encoding="utf-8"?>
<Project ToolsVersion="4.0" xmlns="http://schemas.microsoft.com/developer/msbuild/2003">
  <ItemGroup>
    <ClInclude Include="AdventOfCodeLibrary.h" />
    <ClInclude Include="Year2015\Day01.h" />
    <ClInclude Include="Year2015\Day02.h" />
  </ItemGroup>
  <ItemGroup>
    <ClCompile Include="AdventOfCodeLibrary.cpp" />
    <ClCompile Include="Year2015\Day01.cpp" />
    <ClCompile Include="Year2015\Day02.cpp" />
  </ItemGroup>
</Project>